// !$*UTF8*$!
{
	archiveVersion = 1;
	classes = {
	};
	objectVersion = 56;
	objects = {

/* Begin PBXBuildFile section */
		A24302F02D66237F00D3A85E /* SuggestAddress.swift in Sources */ = {isa = PBXBuildFile; fileRef = A24302EF2D66237F00D3A85E /* SuggestAddress.swift */; };
		A24641EA2D539E2F00171728 /* AppDelegate.swift in Sources */ = {isa = PBXBuildFile; fileRef = A24641E92D539E2F00171728 /* AppDelegate.swift */; };
		A24641EC2D539E2F00171728 /* SceneDelegate.swift in Sources */ = {isa = PBXBuildFile; fileRef = A24641EB2D539E2F00171728 /* SceneDelegate.swift */; };
		A24641EE2D539E2F00171728 /* SearchAddressViewController.swift in Sources */ = {isa = PBXBuildFile; fileRef = A24641ED2D539E2F00171728 /* SearchAddressViewController.swift */; };
		A24641F12D539E2F00171728 /* Base in Resources */ = {isa = PBXBuildFile; fileRef = A24641F02D539E2F00171728 /* Base */; };
		A24641F32D539E3000171728 /* Assets.xcassets in Resources */ = {isa = PBXBuildFile; fileRef = A24641F22D539E3000171728 /* Assets.xcassets */; };
		A24641F62D539E3000171728 /* Base in Resources */ = {isa = PBXBuildFile; fileRef = A24641F52D539E3000171728 /* Base */; };
		A24641FE2D53A69800171728 /* AddressCell.swift in Sources */ = {isa = PBXBuildFile; fileRef = A24641FD2D53A69800171728 /* AddressCell.swift */; };
		A24642062D53A9D400171728 /* SnapKit in Frameworks */ = {isa = PBXBuildFile; productRef = A24642052D53A9D400171728 /* SnapKit */; };
		A24642082D53B01400171728 /* AddressService.swift in Sources */ = {isa = PBXBuildFile; fileRef = A24642072D53B01300171728 /* AddressService.swift */; };
/* End PBXBuildFile section */

/* Begin PBXFileReference section */
		A24302EF2D66237F00D3A85E /* SuggestAddress.swift */ = {isa = PBXFileReference; lastKnownFileType = sourcecode.swift; path = SuggestAddress.swift; sourceTree = "<group>"; };
		A24641E62D539E2F00171728 /* Dadata-demo.app */ = {isa = PBXFileReference; explicitFileType = wrapper.application; includeInIndex = 0; path = "Dadata-demo.app"; sourceTree = BUILT_PRODUCTS_DIR; };
		A24641E92D539E2F00171728 /* AppDelegate.swift */ = {isa = PBXFileReference; lastKnownFileType = sourcecode.swift; path = AppDelegate.swift; sourceTree = "<group>"; };
		A24641EB2D539E2F00171728 /* SceneDelegate.swift */ = {isa = PBXFileReference; lastKnownFileType = sourcecode.swift; path = SceneDelegate.swift; sourceTree = "<group>"; };
		A24641ED2D539E2F00171728 /* SearchAddressViewController.swift */ = {isa = PBXFileReference; lastKnownFileType = sourcecode.swift; path = SearchAddressViewController.swift; sourceTree = "<group>"; };
		A24641F02D539E2F00171728 /* Base */ = {isa = PBXFileReference; lastKnownFileType = file.storyboard; name = Base; path = Base.lproj/Main.storyboard; sourceTree = "<group>"; };
		A24641F22D539E3000171728 /* Assets.xcassets */ = {isa = PBXFileReference; lastKnownFileType = folder.assetcatalog; path = Assets.xcassets; sourceTree = "<group>"; };
		A24641F52D539E3000171728 /* Base */ = {isa = PBXFileReference; lastKnownFileType = file.storyboard; name = Base; path = Base.lproj/LaunchScreen.storyboard; sourceTree = "<group>"; };
		A24641F72D539E3000171728 /* Info.plist */ = {isa = PBXFileReference; lastKnownFileType = text.plist.xml; path = Info.plist; sourceTree = "<group>"; };
		A24641FD2D53A69800171728 /* AddressCell.swift */ = {isa = PBXFileReference; lastKnownFileType = sourcecode.swift; path = AddressCell.swift; sourceTree = "<group>"; };
		A24642072D53B01300171728 /* AddressService.swift */ = {isa = PBXFileReference; lastKnownFileType = sourcecode.swift; path = AddressService.swift; sourceTree = "<group>"; };
/* End PBXFileReference section */

/* Begin PBXFrameworksBuildPhase section */
		A24641E32D539E2F00171728 /* Frameworks */ = {
			isa = PBXFrameworksBuildPhase;
			buildActionMask = 2147483647;
			files = (
				A24642062D53A9D400171728 /* SnapKit in Frameworks */,
			);
			runOnlyForDeploymentPostprocessing = 0;
		};
/* End PBXFrameworksBuildPhase section */

/* Begin PBXGroup section */
		A24641DD2D539E2F00171728 = {
			isa = PBXGroup;
			children = (
				A24641E82D539E2F00171728 /* Dadata-demo */,
				A24641E72D539E2F00171728 /* Products */,
			);
			sourceTree = "<group>";
		};
		A24641E72D539E2F00171728 /* Products */ = {
			isa = PBXGroup;
			children = (
				A24641E62D539E2F00171728 /* Dadata-demo.app */,
			);
			name = Products;
			sourceTree = "<group>";
		};
		A24641E82D539E2F00171728 /* Dadata-demo */ = {
			isa = PBXGroup;
			children = (
				A24641E92D539E2F00171728 /* AppDelegate.swift */,
				A24641EB2D539E2F00171728 /* SceneDelegate.swift */,
				A24641ED2D539E2F00171728 /* SearchAddressViewController.swift */,
				A24641EF2D539E2F00171728 /* Main.storyboard */,
				A24641F22D539E3000171728 /* Assets.xcassets */,
				A24641F42D539E3000171728 /* LaunchScreen.storyboard */,
				A24641F72D539E3000171728 /* Info.plist */,
				A24641FD2D53A69800171728 /* AddressCell.swift */,
				A24642072D53B01300171728 /* AddressService.swift */,
				A24302EF2D66237F00D3A85E /* SuggestAddress.swift */,
			);
			path = "Dadata-demo";
			sourceTree = "<group>";
		};
/* End PBXGroup section */

/* Begin PBXNativeTarget section */
		A24641E52D539E2F00171728 /* Dadata-demo */ = {
			isa = PBXNativeTarget;
			buildConfigurationList = A24641FA2D539E3000171728 /* Build configuration list for PBXNativeTarget "Dadata-demo" */;
			buildPhases = (
				A24641E22D539E2F00171728 /* Sources */,
				A24641E32D539E2F00171728 /* Frameworks */,
				A24641E42D539E2F00171728 /* Resources */,
			);
			buildRules = (
			);
			dependencies = (
			);
			name = "Dadata-demo";
			packageProductDependencies = (
				A24642052D53A9D400171728 /* SnapKit */,
			);
			productName = "Dadata-demo";
			productReference = A24641E62D539E2F00171728 /* Dadata-demo.app */;
			productType = "com.apple.product-type.application";
		};
/* End PBXNativeTarget section */

/* Begin PBXProject section */
		A24641DE2D539E2F00171728 /* Project object */ = {
			isa = PBXProject;
			attributes = {
				BuildIndependentTargetsInParallel = 1;
				LastSwiftUpdateCheck = 1540;
				LastUpgradeCheck = 1540;
				TargetAttributes = {
					A24641E52D539E2F00171728 = {
						CreatedOnToolsVersion = 15.4;
					};
				};
			};
			buildConfigurationList = A24641E12D539E2F00171728 /* Build configuration list for PBXProject "Dadata-demo" */;
			compatibilityVersion = "Xcode 14.0";
			developmentRegion = en;
			hasScannedForEncodings = 0;
			knownRegions = (
				en,
				Base,
			);
			mainGroup = A24641DD2D539E2F00171728;
			packageReferences = (
				A24642042D53A9D400171728 /* XCRemoteSwiftPackageReference "SnapKit" */,
			);
			productRefGroup = A24641E72D539E2F00171728 /* Products */;
			projectDirPath = "";
			projectRoot = "";
			targets = (
				A24641E52D539E2F00171728 /* Dadata-demo */,
			);
		};
/* End PBXProject section */

/* Begin PBXResourcesBuildPhase section */
		A24641E42D539E2F00171728 /* Resources */ = {
			isa = PBXResourcesBuildPhase;
			buildActionMask = 2147483647;
			files = (
				A24641F32D539E3000171728 /* Assets.xcassets in Resources */,
				A24641F62D539E3000171728 /* Base in Resources */,
				A24641F12D539E2F00171728 /* Base in Resources */,
			);
			runOnlyForDeploymentPostprocessing = 0;
		};
/* End PBXResourcesBuildPhase section */

/* Begin PBXSourcesBuildPhase section */
		A24641E22D539E2F00171728 /* Sources */ = {
			isa = PBXSourcesBuildPhase;
			buildActionMask = 2147483647;
			files = (
				A24641EE2D539E2F00171728 /* SearchAddressViewController.swift in Sources */,
				A24641EA2D539E2F00171728 /* AppDelegate.swift in Sources */,
				A24302F02D66237F00D3A85E /* SuggestAddress.swift in Sources */,
				A24642082D53B01400171728 /* AddressService.swift in Sources */,
				A24641FE2D53A69800171728 /* AddressCell.swift in Sources */,
				A24641EC2D539E2F00171728 /* SceneDelegate.swift in Sources */,
			);
			runOnlyForDeploymentPostprocessing = 0;
		};
/* End PBXSourcesBuildPhase section */

/* Begin PBXVariantGroup section */
		A24641EF2D539E2F00171728 /* Main.storyboard */ = {
			isa = PBXVariantGroup;
			children = (
				A24641F02D539E2F00171728 /* Base */,
			);
			name = Main.storyboard;
			sourceTree = "<group>";
		};
		A24641F42D539E3000171728 /* LaunchScreen.storyboard */ = {
			isa = PBXVariantGroup;
			children = (
				A24641F52D539E3000171728 /* Base */,
			);
			name = LaunchScreen.storyboard;
			sourceTree = "<group>";
		};
/* End PBXVariantGroup section */

/* Begin XCBuildConfiguration section */
		A24641F82D539E3000171728 /* Debug */ = {
			isa = XCBuildConfiguration;
			buildSettings = {
				ALWAYS_SEARCH_USER_PATHS = NO;
				ASSETCATALOG_COMPILER_GENERATE_SWIFT_ASSET_SYMBOL_EXTENSIONS = YES;
				CLANG_ANALYZER_NONNULL = YES;
				CLANG_ANALYZER_NUMBER_OBJECT_CONVERSION = YES_AGGRESSIVE;
				CLANG_CXX_LANGUAGE_STANDARD = "gnu++20";
				CLANG_ENABLE_MODULES = YES;
				CLANG_ENABLE_OBJC_ARC = YES;
				CLANG_ENABLE_OBJC_WEAK = YES;
				CLANG_WARN_BLOCK_CAPTURE_AUTORELEASING = YES;
				CLANG_WARN_BOOL_CONVERSION = YES;
				CLANG_WARN_COMMA = YES;
				CLANG_WARN_CONSTANT_CONVERSION = YES;
				CLANG_WARN_DEPRECATED_OBJC_IMPLEMENTATIONS = YES;
				CLANG_WARN_DIRECT_OBJC_ISA_USAGE = YES_ERROR;
				CLANG_WARN_DOCUMENTATION_COMMENTS = YES;
				CLANG_WARN_EMPTY_BODY = YES;
				CLANG_WARN_ENUM_CONVERSION = YES;
				CLANG_WARN_INFINITE_RECURSION = YES;
				CLANG_WARN_INT_CONVERSION = YES;
				CLANG_WARN_NON_LITERAL_NULL_CONVERSION = YES;
				CLANG_WARN_OBJC_IMPLICIT_RETAIN_SELF = YES;
				CLANG_WARN_OBJC_LITERAL_CONVERSION = YES;
				CLANG_WARN_OBJC_ROOT_CLASS = YES_ERROR;
				CLANG_WARN_QUOTED_INCLUDE_IN_FRAMEWORK_HEADER = YES;
				CLANG_WARN_RANGE_LOOP_ANALYSIS = YES;
				CLANG_WARN_STRICT_PROTOTYPES = YES;
				CLANG_WARN_SUSPICIOUS_MOVE = YES;
				CLANG_WARN_UNGUARDED_AVAILABILITY = YES_AGGRESSIVE;
				CLANG_WARN_UNREACHABLE_CODE = YES;
				CLANG_WARN__DUPLICATE_METHOD_MATCH = YES;
				COPY_PHASE_STRIP = NO;
				DEBUG_INFORMATION_FORMAT = dwarf;
				ENABLE_STRICT_OBJC_MSGSEND = YES;
				ENABLE_TESTABILITY = YES;
				ENABLE_USER_SCRIPT_SANDBOXING = YES;
				GCC_C_LANGUAGE_STANDARD = gnu17;
				GCC_DYNAMIC_NO_PIC = NO;
				GCC_NO_COMMON_BLOCKS = YES;
				GCC_OPTIMIZATION_LEVEL = 0;
				GCC_PREPROCESSOR_DEFINITIONS = (
					"DEBUG=1",
					"$(inherited)",
				);
				GCC_WARN_64_TO_32_BIT_CONVERSION = YES;
				GCC_WARN_ABOUT_RETURN_TYPE = YES_ERROR;
				GCC_WARN_UNDECLARED_SELECTOR = YES;
				GCC_WARN_UNINITIALIZED_AUTOS = YES_AGGRESSIVE;
				GCC_WARN_UNUSED_FUNCTION = YES;
				GCC_WARN_UNUSED_VARIABLE = YES;
				IPHONEOS_DEPLOYMENT_TARGET = 17.5;
				LOCALIZATION_PREFERS_STRING_CATALOGS = YES;
				MTL_ENABLE_DEBUG_INFO = INCLUDE_SOURCE;
				MTL_FAST_MATH = YES;
				ONLY_ACTIVE_ARCH = YES;
				SDKROOT = iphoneos;
				SWIFT_ACTIVE_COMPILATION_CONDITIONS = "DEBUG $(inherited)";
				SWIFT_OPTIMIZATION_LEVEL = "-Onone";
			};
			name = Debug;
		};
		A24641F92D539E3000171728 /* Release */ = {
			isa = XCBuildConfiguration;
			buildSettings = {
				ALWAYS_SEARCH_USER_PATHS = NO;
				ASSETCATALOG_COMPILER_GENERATE_SWIFT_ASSET_SYMBOL_EXTENSIONS = YES;
				CLANG_ANALYZER_NONNULL = YES;
				CLANG_ANALYZER_NUMBER_OBJECT_CONVERSION = YES_AGGRESSIVE;
				CLANG_CXX_LANGUAGE_STANDARD = "gnu++20";
				CLANG_ENABLE_MODULES = YES;
				CLANG_ENABLE_OBJC_ARC = YES;
				CLANG_ENABLE_OBJC_WEAK = YES;
				CLANG_WARN_BLOCK_CAPTURE_AUTORELEASING = YES;
				CLANG_WARN_BOOL_CONVERSION = YES;
				CLANG_WARN_COMMA = YES;
				CLANG_WARN_CONSTANT_CONVERSION = YES;
				CLANG_WARN_DEPRECATED_OBJC_IMPLEMENTATIONS = YES;
				CLANG_WARN_DIRECT_OBJC_ISA_USAGE = YES_ERROR;
				CLANG_WARN_DOCUMENTATION_COMMENTS = YES;
				CLANG_WARN_EMPTY_BODY = YES;
				CLANG_WARN_ENUM_CONVERSION = YES;
				CLANG_WARN_INFINITE_RECURSION = YES;
				CLANG_WARN_INT_CONVERSION = YES;
				CLANG_WARN_NON_LITERAL_NULL_CONVERSION = YES;
				CLANG_WARN_OBJC_IMPLICIT_RETAIN_SELF = YES;
				CLANG_WARN_OBJC_LITERAL_CONVERSION = YES;
				CLANG_WARN_OBJC_ROOT_CLASS = YES_ERROR;
				CLANG_WARN_QUOTED_INCLUDE_IN_FRAMEWORK_HEADER = YES;
				CLANG_WARN_RANGE_LOOP_ANALYSIS = YES;
				CLANG_WARN_STRICT_PROTOTYPES = YES;
				CLANG_WARN_SUSPICIOUS_MOVE = YES;
				CLANG_WARN_UNGUARDED_AVAILABILITY = YES_AGGRESSIVE;
				CLANG_WARN_UNREACHABLE_CODE = YES;
				CLANG_WARN__DUPLICATE_METHOD_MATCH = YES;
				COPY_PHASE_STRIP = NO;
				DEBUG_INFORMATION_FORMAT = "dwarf-with-dsym";
				ENABLE_NS_ASSERTIONS = NO;
				ENABLE_STRICT_OBJC_MSGSEND = YES;
				ENABLE_USER_SCRIPT_SANDBOXING = YES;
				GCC_C_LANGUAGE_STANDARD = gnu17;
				GCC_NO_COMMON_BLOCKS = YES;
				GCC_WARN_64_TO_32_BIT_CONVERSION = YES;
				GCC_WARN_ABOUT_RETURN_TYPE = YES_ERROR;
				GCC_WARN_UNDECLARED_SELECTOR = YES;
				GCC_WARN_UNINITIALIZED_AUTOS = YES_AGGRESSIVE;
				GCC_WARN_UNUSED_FUNCTION = YES;
				GCC_WARN_UNUSED_VARIABLE = YES;
				IPHONEOS_DEPLOYMENT_TARGET = 17.5;
				LOCALIZATION_PREFERS_STRING_CATALOGS = YES;
				MTL_ENABLE_DEBUG_INFO = NO;
				MTL_FAST_MATH = YES;
				SDKROOT = iphoneos;
				SWIFT_COMPILATION_MODE = wholemodule;
				VALIDATE_PRODUCT = YES;
			};
			name = Release;
		};
		A24641FB2D539E3000171728 /* Debug */ = {
			isa = XCBuildConfiguration;
			buildSettings = {
				ASSETCATALOG_COMPILER_APPICON_NAME = AppIcon;
				ASSETCATALOG_COMPILER_GLOBAL_ACCENT_COLOR_NAME = AccentColor;
				CODE_SIGN_STYLE = Automatic;
				CURRENT_PROJECT_VERSION = 1;
				GENERATE_INFOPLIST_FILE = YES;
				INFOPLIST_FILE = "Dadata-demo/Info.plist";
				INFOPLIST_KEY_UIApplicationSupportsIndirectInputEvents = YES;
				INFOPLIST_KEY_UILaunchStoryboardName = LaunchScreen;
				INFOPLIST_KEY_UIMainStoryboardFile = Main;
				INFOPLIST_KEY_UISupportedInterfaceOrientations_iPad = "UIInterfaceOrientationPortrait UIInterfaceOrientationPortraitUpsideDown UIInterfaceOrientationLandscapeLeft UIInterfaceOrientationLandscapeRight";
				INFOPLIST_KEY_UISupportedInterfaceOrientations_iPhone = "UIInterfaceOrientationPortrait UIInterfaceOrientationLandscapeLeft UIInterfaceOrientationLandscapeRight";
				LD_RUNPATH_SEARCH_PATHS = (
					"$(inherited)",
					"@executable_path/Frameworks",
				);
				MARKETING_VERSION = 1.0;
				PRODUCT_BUNDLE_IDENTIFIER = "ioTatarBashkir.Dadata-demo";
				PRODUCT_NAME = "$(TARGET_NAME)";
				SWIFT_EMIT_LOC_STRINGS = YES;
				SWIFT_VERSION = 5.0;
				TARGETED_DEVICE_FAMILY = "1,2";
			};
			name = Debug;
		};
		A24641FC2D539E3000171728 /* Release */ = {
			isa = XCBuildConfiguration;
			buildSettings = {
				ASSETCATALOG_COMPILER_APPICON_NAME = AppIcon;
				ASSETCATALOG_COMPILER_GLOBAL_ACCENT_COLOR_NAME = AccentColor;
				CODE_SIGN_STYLE = Automatic;
				CURRENT_PROJECT_VERSION = 1;
				GENERATE_INFOPLIST_FILE = YES;
				INFOPLIST_FILE = "Dadata-demo/Info.plist";
				INFOPLIST_KEY_UIApplicationSupportsIndirectInputEvents = YES;
				INFOPLIST_KEY_UILaunchStoryboardName = LaunchScreen;
				INFOPLIST_KEY_UIMainStoryboardFile = Main;
				INFOPLIST_KEY_UISupportedInterfaceOrientations_iPad = "UIInterfaceOrientationPortrait UIInterfaceOrientationPortraitUpsideDown UIInterfaceOrientationLandscapeLeft UIInterfaceOrientationLandscapeRight";
				INFOPLIST_KEY_UISupportedInterfaceOrientations_iPhone = "UIInterfaceOrientationPortrait UIInterfaceOrientationLandscapeLeft UIInterfaceOrientationLandscapeRight";
				LD_RUNPATH_SEARCH_PATHS = (
					"$(inherited)",
					"@executable_path/Frameworks",
				);
				MARKETING_VERSION = 1.0;
				PRODUCT_BUNDLE_IDENTIFIER = "ioTatarBashkir.Dadata-demo";
				PRODUCT_NAME = "$(TARGET_NAME)";
				SWIFT_EMIT_LOC_STRINGS = YES;
				SWIFT_VERSION = 5.0;
				TARGETED_DEVICE_FAMILY = "1,2";
			};
			name = Release;
		};
/* End XCBuildConfiguration section */

/* Begin XCConfigurationList section */
		A24641E12D539E2F00171728 /* Build configuration list for PBXProject "Dadata-demo" */ = {
			isa = XCConfigurationList;
			buildConfigurations = (
				A24641F82D539E3000171728 /* Debug */,
				A24641F92D539E3000171728 /* Release */,
			);
			defaultConfigurationIsVisible = 0;
			defaultConfigurationName = Release;
		};
		A24641FA2D539E3000171728 /* Build configuration list for PBXNativeTarget "Dadata-demo" */ = {
			isa = XCConfigurationList;
			buildConfigurations = (
				A24641FB2D539E3000171728 /* Debug */,
				A24641FC2D539E3000171728 /* Release */,
			);
			defaultConfigurationIsVisible = 0;
			defaultConfigurationName = Release;
		};
/* End XCConfigurationList section */

/* Begin XCRemoteSwiftPackageReference section */
		A24642042D53A9D400171728 /* XCRemoteSwiftPackageReference "SnapKit" */ = {
			isa = XCRemoteSwiftPackageReference;
			repositoryURL = "https://github.com/SnapKit/SnapKit.git";
			requirement = {
				kind = upToNextMajorVersion;
				minimumVersion = 5.7.1;
			};
		};
/* End XCRemoteSwiftPackageReference section */

/* Begin XCSwiftPackageProductDependency section */
		A24642052D53A9D400171728 /* SnapKit */ = {
			isa = XCSwiftPackageProductDependency;
			package = A24642042D53A9D400171728 /* XCRemoteSwiftPackageReference "SnapKit" */;
			productName = SnapKit;
		};
/* End XCSwiftPackageProductDependency section */
	};
	rootObject = A24641DE2D539E2F00171728 /* Project object */;
}
